
Microsoft Visual Studio Solution File, Format Version 12.00
# Visual Studio Version 17
VisualStudioVersion = 17.11.35327.3
MinimumVisualStudioVersion = 10.0.40219.1
Project("{FAE04EC0-301F-11D3-BF4B-00C04F79EFBC}") = "Homework8-T3", "Homework8-T3.csproj", "{3100A614-6E4D-4002-86CB-96974C259850}"
EndProject
Global
	GlobalSection(SolutionConfigurationPlatforms) = preSolution
		Debug|Any CPU = Debug|Any CPU
		Release|Any CPU = Release|Any CPU
	EndGlobalSection
	GlobalSection(ProjectConfigurationPlatforms) = postSolution
		{3100A614-6E4D-4002-86CB-96974C259850}.Debug|Any CPU.ActiveCfg = Debug|Any CPU
		{3100A614-6E4D-4002-86CB-96974C259850}.Debug|Any CPU.Build.0 = Debug|Any CPU
		{3100A614-6E4D-4002-86CB-96974C259850}.Release|Any CPU.ActiveCfg = Release|Any CPU
		{3100A614-6E4D-4002-86CB-96974C259850}.Release|Any CPU.Build.0 = Release|Any CPU
	EndGlobalSection
	GlobalSection(SolutionProperties) = preSolution
		HideSolutionNode = FALSE
	EndGlobalSection
	GlobalSection(ExtensibilityGlobals) = postSolution
		SolutionGuid = {08A6C21C-44BC-44CF-B469-CCEB464BB323}
	EndGlobalSection
EndGlobal
